
Microsoft Visual Studio Solution File, Format Version 12.00
# Visual Studio Version 16
VisualStudioVersion = 16.0.30711.63
MinimumVisualStudioVersion = 10.0.40219.1
Project("{FAE04EC0-301F-11D3-BF4B-00C04F79EFBC}") = "Domaci20230504", "Domaci20230504.csproj", "{86DB9274-ED8F-4DE2-A4F1-C492CFEBD98A}"
EndProject
Global
	GlobalSection(SolutionConfigurationPlatforms) = preSolution
		Debug|Any CPU = Debug|Any CPU
		Release|Any CPU = Release|Any CPU
	EndGlobalSection
	GlobalSection(ProjectConfigurationPlatforms) = postSolution
		{86DB9274-ED8F-4DE2-A4F1-C492CFEBD98A}.Debug|Any CPU.ActiveCfg = Debug|Any CPU
		{86DB9274-ED8F-4DE2-A4F1-C492CFEBD98A}.Debug|Any CPU.Build.0 = Debug|Any CPU
		{86DB9274-ED8F-4DE2-A4F1-C492CFEBD98A}.Release|Any CPU.ActiveCfg = Release|Any CPU
		{86DB9274-ED8F-4DE2-A4F1-C492CFEBD98A}.Release|Any CPU.Build.0 = Release|Any CPU
	EndGlobalSection
	GlobalSection(SolutionProperties) = preSolution
		HideSolutionNode = FALSE
	EndGlobalSection
	GlobalSection(ExtensibilityGlobals) = postSolution
		SolutionGuid = {0F769DD7-3E09-4BAE-9597-4D20B0A22F15}
	EndGlobalSection
EndGlobal
